
Microsoft Visual Studio Solution File, Format Version 12.00
# Visual Studio 15
VisualStudioVersion = 15.0.28307.1340
MinimumVisualStudioVersion = 10.0.40219.1
Project("{FAE04EC0-301F-11D3-BF4B-00C04F79EFBC}") = "PathFinder", "PathFinder\PathFinder.csproj", "{193D3D52-F63F-42C5-AB19-BB4C9FA47F54}"
EndProject
Global
	GlobalSection(SolutionConfigurationPlatforms) = preSolution
		Debug|Any CPU = Debug|Any CPU
		Release|Any CPU = Release|Any CPU
	EndGlobalSection
	GlobalSection(ProjectConfigurationPlatforms) = postSolution
		{193D3D52-F63F-42C5-AB19-BB4C9FA47F54}.Debug|Any CPU.ActiveCfg = Debug|Any CPU
		{193D3D52-F63F-42C5-AB19-BB4C9FA47F54}.Debug|Any CPU.Build.0 = Debug|Any CPU
		{193D3D52-F63F-42C5-AB19-BB4C9FA47F54}.Release|Any CPU.ActiveCfg = Release|Any CPU
		{193D3D52-F63F-42C5-AB19-BB4C9FA47F54}.Release|Any CPU.Build.0 = Release|Any CPU
	EndGlobalSection
	GlobalSection(SolutionProperties) = preSolution
		HideSolutionNode = FALSE
	EndGlobalSection
	GlobalSection(ExtensibilityGlobals) = postSolution
		SolutionGuid = {C03A4AF3-1033-4A65-B716-C88D004631F3}
	EndGlobalSection
EndGlobal
